// !$*UTF8*$!
{
	archiveVersion = 1;
	classes = {
	};
	objectVersion = 56;
	objects = {

/* Begin PBXBuildFile section */
		AB2CD30D2C98B13A0098C7E8 /* Daily_Forecast_BaimsApp.swift in Sources */ = {isa = PBXBuildFile; fileRef = AB2CD30C2C98B13A0098C7E8 /* Daily_Forecast_BaimsApp.swift */; };
		AB2CD30F2C98B13A0098C7E8 /* Persistence.swift in Sources */ = {isa = PBXBuildFile; fileRef = AB2CD30E2C98B13A0098C7E8 /* Persistence.swift */; };
		AB2CD3122C98B13A0098C7E8 /* Daily_Forecast_Baims.xcdatamodeld in Sources */ = {isa = PBXBuildFile; fileRef = AB2CD3102C98B13A0098C7E8 /* Daily_Forecast_Baims.xcdatamodeld */; };
		AB2CD3142C98B13A0098C7E8 /* ContentView.swift in Sources */ = {isa = PBXBuildFile; fileRef = AB2CD3132C98B13A0098C7E8 /* ContentView.swift */; };
		AB2CD3162C98B13C0098C7E8 /* Assets.xcassets in Resources */ = {isa = PBXBuildFile; fileRef = AB2CD3152C98B13C0098C7E8 /* Assets.xcassets */; };
		AB2CD31A2C98B13C0098C7E8 /* Preview Assets.xcassets in Resources */ = {isa = PBXBuildFile; fileRef = AB2CD3192C98B13C0098C7E8 /* Preview Assets.xcassets */; };
		AB2CD3242C98B13C0098C7E8 /* Daily_Forecast_BaimsTests.swift in Sources */ = {isa = PBXBuildFile; fileRef = AB2CD3232C98B13C0098C7E8 /* Daily_Forecast_BaimsTests.swift */; };
		AB2CD32E2C98B13C0098C7E8 /* Daily_Forecast_BaimsUITests.swift in Sources */ = {isa = PBXBuildFile; fileRef = AB2CD32D2C98B13C0098C7E8 /* Daily_Forecast_BaimsUITests.swift */; };
		AB2CD3302C98B13C0098C7E8 /* Daily_Forecast_BaimsUITestsLaunchTests.swift in Sources */ = {isa = PBXBuildFile; fileRef = AB2CD32F2C98B13C0098C7E8 /* Daily_Forecast_BaimsUITestsLaunchTests.swift */; };
		AB2CD33D2C98B16C0098C7E8 /* ApiKeys in Resources */ = {isa = PBXBuildFile; fileRef = AB2CD33C2C98B16C0098C7E8 /* ApiKeys */; };
		AB2CD33F2C98B1E50098C7E8 /* AppDelegate.swift in Sources */ = {isa = PBXBuildFile; fileRef = AB2CD33E2C98B1E50098C7E8 /* AppDelegate.swift */; };
		AB2CD3422C98B63D0098C7E8 /* Alamofire in Frameworks */ = {isa = PBXBuildFile; productRef = AB2CD3412C98B63D0098C7E8 /* Alamofire */; };
		AB2CD3452C98B65A0098C7E8 /* Factory in Frameworks */ = {isa = PBXBuildFile; productRef = AB2CD3442C98B65A0098C7E8 /* Factory */; };
		AB2CD3492C98B6A00098C7E8 /* Router.swift in Sources */ = {isa = PBXBuildFile; fileRef = AB2CD3482C98B6A00098C7E8 /* Router.swift */; };
		AB2CD34B2C98B7040098C7E8 /* APIError.swift in Sources */ = {isa = PBXBuildFile; fileRef = AB2CD34A2C98B7040098C7E8 /* APIError.swift */; };
		AB2CD3542C98BC190098C7E8 /* WeatherForecast.swift in Sources */ = {isa = PBXBuildFile; fileRef = AB2CD3532C98BC190098C7E8 /* WeatherForecast.swift */; };
		AB2CD35A2C98BD340098C7E8 /* DIContainer.swift in Sources */ = {isa = PBXBuildFile; fileRef = AB2CD3592C98BD340098C7E8 /* DIContainer.swift */; };
		AB2CD35C2C98BF430098C7E8 /* WeatherRouter.swift in Sources */ = {isa = PBXBuildFile; fileRef = AB2CD35B2C98BF430098C7E8 /* WeatherRouter.swift */; };
		AB2CD35E2C98C08D0098C7E8 /* WeatherRepository.swift in Sources */ = {isa = PBXBuildFile; fileRef = AB2CD35D2C98C08D0098C7E8 /* WeatherRepository.swift */; };
		AB2CD3602C98C0E30098C7E8 /* WeatherRepositoryImpl.swift in Sources */ = {isa = PBXBuildFile; fileRef = AB2CD35F2C98C0E30098C7E8 /* WeatherRepositoryImpl.swift */; };
		AB2CD3622C98C1790098C7E8 /* GetWeatherForecastUseCase.swift in Sources */ = {isa = PBXBuildFile; fileRef = AB2CD3612C98C1790098C7E8 /* GetWeatherForecastUseCase.swift */; };
		AB2CD3672C98C8060098C7E8 /* WeatherForecastView.swift in Sources */ = {isa = PBXBuildFile; fileRef = AB2CD3662C98C8060098C7E8 /* WeatherForecastView.swift */; };
		AB2CD3692C98C8140098C7E8 /* WeatherForecastViewModel.swift in Sources */ = {isa = PBXBuildFile; fileRef = AB2CD3682C98C8140098C7E8 /* WeatherForecastViewModel.swift */; };
		AB2CD36E2C98CB8E0098C7E8 /* AlertManager.swift in Sources */ = {isa = PBXBuildFile; fileRef = AB2CD36D2C98CB8E0098C7E8 /* AlertManager.swift */; };
		AB2CD3732C98CD4C0098C7E8 /* UnitsEnum.swift in Sources */ = {isa = PBXBuildFile; fileRef = AB2CD3722C98CD4C0098C7E8 /* UnitsEnum.swift */; };
		ABB0F5EC2C99DA4C008642F5 /* Cities.json in Resources */ = {isa = PBXBuildFile; fileRef = ABB0F5EB2C99DA4C008642F5 /* Cities.json */; };
		ABB0F5EE2C99DA9D008642F5 /* City.swift in Sources */ = {isa = PBXBuildFile; fileRef = ABB0F5ED2C99DA9D008642F5 /* City.swift */; };
		ABB0F5F02C99DB00008642F5 /* LocalProvider.swift in Sources */ = {isa = PBXBuildFile; fileRef = ABB0F5EF2C99DB00008642F5 /* LocalProvider.swift */; };
		ABB0F5F22C99DB83008642F5 /* GetCitiesUseCase.swift in Sources */ = {isa = PBXBuildFile; fileRef = ABB0F5F12C99DB83008642F5 /* GetCitiesUseCase.swift */; };
		ABB0F5FA2C99E111008642F5 /* Icons.swift in Sources */ = {isa = PBXBuildFile; fileRef = ABB0F5F92C99E111008642F5 /* Icons.swift */; };
		ABB0F5FF2C99E285008642F5 /* ClickOnOptions.swift in Sources */ = {isa = PBXBuildFile; fileRef = ABB0F5FE2C99E285008642F5 /* ClickOnOptions.swift */; };
		ABB0F6012C99E664008642F5 /* CitiesDropDown.swift in Sources */ = {isa = PBXBuildFile; fileRef = ABB0F6002C99E664008642F5 /* CitiesDropDown.swift */; };
		ABB0F6032C99FB56008642F5 /* WeatherDayView.swift in Sources */ = {isa = PBXBuildFile; fileRef = ABB0F6022C99FB56008642F5 /* WeatherDayView.swift */; };
		ABB0F6052C9A0F20008642F5 /* DateUtils.swift in Sources */ = {isa = PBXBuildFile; fileRef = ABB0F6042C9A0F20008642F5 /* DateUtils.swift */; };
		ABB0F6082C9A1084008642F5 /* String + Extenstion.swift in Sources */ = {isa = PBXBuildFile; fileRef = ABB0F6072C9A1084008642F5 /* String + Extenstion.swift */; };
		ABB0F60A2C9A1247008642F5 /* RedactedLoading.swift in Sources */ = {isa = PBXBuildFile; fileRef = ABB0F6092C9A1246008642F5 /* RedactedLoading.swift */; };
/* End PBXBuildFile section */

/* Begin PBXContainerItemProxy section */
		AB2CD3202C98B13C0098C7E8 /* PBXContainerItemProxy */ = {
			isa = PBXContainerItemProxy;
			containerPortal = AB2CD3012C98B13A0098C7E8 /* Project object */;
			proxyType = 1;
			remoteGlobalIDString = AB2CD3082C98B13A0098C7E8;
			remoteInfo = "Daily Forecast Baims";
		};
		AB2CD32A2C98B13C0098C7E8 /* PBXContainerItemProxy */ = {
			isa = PBXContainerItemProxy;
			containerPortal = AB2CD3012C98B13A0098C7E8 /* Project object */;
			proxyType = 1;
			remoteGlobalIDString = AB2CD3082C98B13A0098C7E8;
			remoteInfo = "Daily Forecast Baims";
		};
/* End PBXContainerItemProxy section */

/* Begin PBXFileReference section */
		AB2CD3092C98B13A0098C7E8 /* Daily Forecast Baims.app */ = {isa = PBXFileReference; explicitFileType = wrapper.application; includeInIndex = 0; path = "Daily Forecast Baims.app"; sourceTree = BUILT_PRODUCTS_DIR; };
		AB2CD30C2C98B13A0098C7E8 /* Daily_Forecast_BaimsApp.swift */ = {isa = PBXFileReference; lastKnownFileType = sourcecode.swift; path = Daily_Forecast_BaimsApp.swift; sourceTree = "<group>"; };
		AB2CD30E2C98B13A0098C7E8 /* Persistence.swift */ = {isa = PBXFileReference; lastKnownFileType = sourcecode.swift; path = Persistence.swift; sourceTree = "<group>"; };
		AB2CD3112C98B13A0098C7E8 /* Daily_Forecast_Baims.xcdatamodel */ = {isa = PBXFileReference; lastKnownFileType = wrapper.xcdatamodel; path = Daily_Forecast_Baims.xcdatamodel; sourceTree = "<group>"; };
		AB2CD3132C98B13A0098C7E8 /* ContentView.swift */ = {isa = PBXFileReference; lastKnownFileType = sourcecode.swift; path = ContentView.swift; sourceTree = "<group>"; };
		AB2CD3152C98B13C0098C7E8 /* Assets.xcassets */ = {isa = PBXFileReference; lastKnownFileType = folder.assetcatalog; path = Assets.xcassets; sourceTree = "<group>"; };
		AB2CD3172C98B13C0098C7E8 /* Daily_Forecast_Baims.entitlements */ = {isa = PBXFileReference; lastKnownFileType = text.plist.entitlements; path = Daily_Forecast_Baims.entitlements; sourceTree = "<group>"; };
		AB2CD3192C98B13C0098C7E8 /* Preview Assets.xcassets */ = {isa = PBXFileReference; lastKnownFileType = folder.assetcatalog; path = "Preview Assets.xcassets"; sourceTree = "<group>"; };
		AB2CD31F2C98B13C0098C7E8 /* Daily Forecast BaimsTests.xctest */ = {isa = PBXFileReference; explicitFileType = wrapper.cfbundle; includeInIndex = 0; path = "Daily Forecast BaimsTests.xctest"; sourceTree = BUILT_PRODUCTS_DIR; };
		AB2CD3232C98B13C0098C7E8 /* Daily_Forecast_BaimsTests.swift */ = {isa = PBXFileReference; lastKnownFileType = sourcecode.swift; path = Daily_Forecast_BaimsTests.swift; sourceTree = "<group>"; };
		AB2CD3292C98B13C0098C7E8 /* Daily Forecast BaimsUITests.xctest */ = {isa = PBXFileReference; explicitFileType = wrapper.cfbundle; includeInIndex = 0; path = "Daily Forecast BaimsUITests.xctest"; sourceTree = BUILT_PRODUCTS_DIR; };
		AB2CD32D2C98B13C0098C7E8 /* Daily_Forecast_BaimsUITests.swift */ = {isa = PBXFileReference; lastKnownFileType = sourcecode.swift; path = Daily_Forecast_BaimsUITests.swift; sourceTree = "<group>"; };
		AB2CD32F2C98B13C0098C7E8 /* Daily_Forecast_BaimsUITestsLaunchTests.swift */ = {isa = PBXFileReference; lastKnownFileType = sourcecode.swift; path = Daily_Forecast_BaimsUITestsLaunchTests.swift; sourceTree = "<group>"; };
		AB2CD33C2C98B16C0098C7E8 /* ApiKeys */ = {isa = PBXFileReference; lastKnownFileType = text; path = ApiKeys; sourceTree = "<group>"; };
		AB2CD33E2C98B1E50098C7E8 /* AppDelegate.swift */ = {isa = PBXFileReference; lastKnownFileType = sourcecode.swift; path = AppDelegate.swift; sourceTree = "<group>"; };
		AB2CD3482C98B6A00098C7E8 /* Router.swift */ = {isa = PBXFileReference; lastKnownFileType = sourcecode.swift; path = Router.swift; sourceTree = "<group>"; };
		AB2CD34A2C98B7040098C7E8 /* APIError.swift */ = {isa = PBXFileReference; lastKnownFileType = sourcecode.swift; path = APIError.swift; sourceTree = "<group>"; };
		AB2CD3532C98BC190098C7E8 /* WeatherForecast.swift */ = {isa = PBXFileReference; lastKnownFileType = sourcecode.swift; path = WeatherForecast.swift; sourceTree = "<group>"; };
		AB2CD3592C98BD340098C7E8 /* DIContainer.swift */ = {isa = PBXFileReference; lastKnownFileType = sourcecode.swift; path = DIContainer.swift; sourceTree = "<group>"; };
		AB2CD35B2C98BF430098C7E8 /* WeatherRouter.swift */ = {isa = PBXFileReference; lastKnownFileType = sourcecode.swift; path = WeatherRouter.swift; sourceTree = "<group>"; };
		AB2CD35D2C98C08D0098C7E8 /* WeatherRepository.swift */ = {isa = PBXFileReference; lastKnownFileType = sourcecode.swift; path = WeatherRepository.swift; sourceTree = "<group>"; };
		AB2CD35F2C98C0E30098C7E8 /* WeatherRepositoryImpl.swift */ = {isa = PBXFileReference; lastKnownFileType = sourcecode.swift; path = WeatherRepositoryImpl.swift; sourceTree = "<group>"; };
		AB2CD3612C98C1790098C7E8 /* GetWeatherForecastUseCase.swift */ = {isa = PBXFileReference; lastKnownFileType = sourcecode.swift; path = GetWeatherForecastUseCase.swift; sourceTree = "<group>"; };
		AB2CD3662C98C8060098C7E8 /* WeatherForecastView.swift */ = {isa = PBXFileReference; lastKnownFileType = sourcecode.swift; path = WeatherForecastView.swift; sourceTree = "<group>"; };
		AB2CD3682C98C8140098C7E8 /* WeatherForecastViewModel.swift */ = {isa = PBXFileReference; lastKnownFileType = sourcecode.swift; path = WeatherForecastViewModel.swift; sourceTree = "<group>"; };
		AB2CD36D2C98CB8E0098C7E8 /* AlertManager.swift */ = {isa = PBXFileReference; lastKnownFileType = sourcecode.swift; path = AlertManager.swift; sourceTree = "<group>"; };
		AB2CD3722C98CD4C0098C7E8 /* UnitsEnum.swift */ = {isa = PBXFileReference; lastKnownFileType = sourcecode.swift; path = UnitsEnum.swift; sourceTree = "<group>"; };
		ABB0F5EB2C99DA4C008642F5 /* Cities.json */ = {isa = PBXFileReference; lastKnownFileType = text.json; path = Cities.json; sourceTree = "<group>"; };
		ABB0F5ED2C99DA9D008642F5 /* City.swift */ = {isa = PBXFileReference; lastKnownFileType = sourcecode.swift; path = City.swift; sourceTree = "<group>"; };
		ABB0F5EF2C99DB00008642F5 /* LocalProvider.swift */ = {isa = PBXFileReference; lastKnownFileType = sourcecode.swift; path = LocalProvider.swift; sourceTree = "<group>"; };
		ABB0F5F12C99DB83008642F5 /* GetCitiesUseCase.swift */ = {isa = PBXFileReference; lastKnownFileType = sourcecode.swift; path = GetCitiesUseCase.swift; sourceTree = "<group>"; };
		ABB0F5F92C99E111008642F5 /* Icons.swift */ = {isa = PBXFileReference; lastKnownFileType = sourcecode.swift; path = Icons.swift; sourceTree = "<group>"; };
		ABB0F5FE2C99E285008642F5 /* ClickOnOptions.swift */ = {isa = PBXFileReference; lastKnownFileType = sourcecode.swift; path = ClickOnOptions.swift; sourceTree = "<group>"; };
		ABB0F6002C99E664008642F5 /* CitiesDropDown.swift */ = {isa = PBXFileReference; lastKnownFileType = sourcecode.swift; path = CitiesDropDown.swift; sourceTree = "<group>"; };
		ABB0F6022C99FB56008642F5 /* WeatherDayView.swift */ = {isa = PBXFileReference; lastKnownFileType = sourcecode.swift; path = WeatherDayView.swift; sourceTree = "<group>"; };
		ABB0F6042C9A0F20008642F5 /* DateUtils.swift */ = {isa = PBXFileReference; lastKnownFileType = sourcecode.swift; path = DateUtils.swift; sourceTree = "<group>"; };
		ABB0F6072C9A1084008642F5 /* String + Extenstion.swift */ = {isa = PBXFileReference; lastKnownFileType = sourcecode.swift; path = "String + Extenstion.swift"; sourceTree = "<group>"; };
		ABB0F6092C9A1246008642F5 /* RedactedLoading.swift */ = {isa = PBXFileReference; lastKnownFileType = sourcecode.swift; path = RedactedLoading.swift; sourceTree = "<group>"; };
/* End PBXFileReference section */

/* Begin PBXFrameworksBuildPhase section */
		AB2CD3062C98B13A0098C7E8 /* Frameworks */ = {
			isa = PBXFrameworksBuildPhase;
			buildActionMask = 2147483647;
			files = (
				AB2CD3422C98B63D0098C7E8 /* Alamofire in Frameworks */,
				AB2CD3452C98B65A0098C7E8 /* Factory in Frameworks */,
			);
			runOnlyForDeploymentPostprocessing = 0;
		};
		AB2CD31C2C98B13C0098C7E8 /* Frameworks */ = {
			isa = PBXFrameworksBuildPhase;
			buildActionMask = 2147483647;
			files = (
			);
			runOnlyForDeploymentPostprocessing = 0;
		};
		AB2CD3262C98B13C0098C7E8 /* Frameworks */ = {
			isa = PBXFrameworksBuildPhase;
			buildActionMask = 2147483647;
			files = (
			);
			runOnlyForDeploymentPostprocessing = 0;
		};
/* End PBXFrameworksBuildPhase section */

/* Begin PBXGroup section */
		AB2CD3002C98B13A0098C7E8 = {
			isa = PBXGroup;
			children = (
				AB2CD33C2C98B16C0098C7E8 /* ApiKeys */,
				AB2CD30B2C98B13A0098C7E8 /* Daily Forecast Baims */,
				AB2CD3222C98B13C0098C7E8 /* Daily Forecast BaimsTests */,
				AB2CD32C2C98B13C0098C7E8 /* Daily Forecast BaimsUITests */,
				AB2CD30A2C98B13A0098C7E8 /* Products */,
			);
			sourceTree = "<group>";
		};
		AB2CD30A2C98B13A0098C7E8 /* Products */ = {
			isa = PBXGroup;
			children = (
				AB2CD3092C98B13A0098C7E8 /* Daily Forecast Baims.app */,
				AB2CD31F2C98B13C0098C7E8 /* Daily Forecast BaimsTests.xctest */,
				AB2CD3292C98B13C0098C7E8 /* Daily Forecast BaimsUITests.xctest */,
			);
			name = Products;
			sourceTree = "<group>";
		};
		AB2CD30B2C98B13A0098C7E8 /* Daily Forecast Baims */ = {
			isa = PBXGroup;
			children = (
				AB2CD33E2C98B1E50098C7E8 /* AppDelegate.swift */,
				AB2CD30C2C98B13A0098C7E8 /* Daily_Forecast_BaimsApp.swift */,
				AB2CD3472C98B6940098C7E8 /* Core */,
				AB2CD3462C98B6650098C7E8 /* Network */,
				AB2CD36B2C98CB6F0098C7E8 /* DesignSystem */,
				AB2CD3632C98C7DE0098C7E8 /* WeatherForecast */,
				AB2CD30E2C98B13A0098C7E8 /* Persistence.swift */,
				AB2CD3132C98B13A0098C7E8 /* ContentView.swift */,
				AB2CD3152C98B13C0098C7E8 /* Assets.xcassets */,
				AB2CD3172C98B13C0098C7E8 /* Daily_Forecast_Baims.entitlements */,
				AB2CD3102C98B13A0098C7E8 /* Daily_Forecast_Baims.xcdatamodeld */,
				AB2CD3182C98B13C0098C7E8 /* Preview Content */,
			);
			path = "Daily Forecast Baims";
			sourceTree = "<group>";
		};
		AB2CD3182C98B13C0098C7E8 /* Preview Content */ = {
			isa = PBXGroup;
			children = (
				AB2CD3192C98B13C0098C7E8 /* Preview Assets.xcassets */,
			);
			path = "Preview Content";
			sourceTree = "<group>";
		};
		AB2CD3222C98B13C0098C7E8 /* Daily Forecast BaimsTests */ = {
			isa = PBXGroup;
			children = (
				AB2CD3232C98B13C0098C7E8 /* Daily_Forecast_BaimsTests.swift */,
			);
			path = "Daily Forecast BaimsTests";
			sourceTree = "<group>";
		};
		AB2CD32C2C98B13C0098C7E8 /* Daily Forecast BaimsUITests */ = {
			isa = PBXGroup;
			children = (
				AB2CD32D2C98B13C0098C7E8 /* Daily_Forecast_BaimsUITests.swift */,
				AB2CD32F2C98B13C0098C7E8 /* Daily_Forecast_BaimsUITestsLaunchTests.swift */,
			);
			path = "Daily Forecast BaimsUITests";
			sourceTree = "<group>";
		};
		AB2CD3462C98B6650098C7E8 /* Network */ = {
			isa = PBXGroup;
			children = (
				AB2CD34D2C98BB120098C7E8 /* Data */,
				AB2CD34E2C98BB160098C7E8 /* Domain */,
			);
			path = Network;
			sourceTree = "<group>";
		};
		AB2CD3472C98B6940098C7E8 /* Core */ = {
			isa = PBXGroup;
			children = (
				AB2CD3482C98B6A00098C7E8 /* Router.swift */,
				AB2CD34A2C98B7040098C7E8 /* APIError.swift */,
				ABB0F5EF2C99DB00008642F5 /* LocalProvider.swift */,
			);
			path = Core;
			sourceTree = "<group>";
		};
		AB2CD34D2C98BB120098C7E8 /* Data */ = {
			isa = PBXGroup;
			children = (
				AB2CD34F2C98BB590098C7E8 /* Models */,
				AB2CD3512C98BB6D0098C7E8 /* Router */,
				AB2CD3502C98BB600098C7E8 /* Repository */,
			);
			path = Data;
			sourceTree = "<group>";
		};
		AB2CD34E2C98BB160098C7E8 /* Domain */ = {
			isa = PBXGroup;
			children = (
				AB2CD3582C98BD240098C7E8 /* Repository */,
				AB2CD3572C98BD1A0098C7E8 /* UseCase */,
				ABB0F5EB2C99DA4C008642F5 /* Cities.json */,
				AB2CD3592C98BD340098C7E8 /* DIContainer.swift */,
			);
			path = Domain;
			sourceTree = "<group>";
		};
		AB2CD34F2C98BB590098C7E8 /* Models */ = {
			isa = PBXGroup;
			children = (
				AB2CD3522C98BB840098C7E8 /* DTO */,
			);
			path = Models;
			sourceTree = "<group>";
		};
		AB2CD3502C98BB600098C7E8 /* Repository */ = {
			isa = PBXGroup;
			children = (
				AB2CD35F2C98C0E30098C7E8 /* WeatherRepositoryImpl.swift */,
			);
			path = Repository;
			sourceTree = "<group>";
		};
		AB2CD3512C98BB6D0098C7E8 /* Router */ = {
			isa = PBXGroup;
			children = (
				AB2CD35B2C98BF430098C7E8 /* WeatherRouter.swift */,
			);
			path = Router;
			sourceTree = "<group>";
		};
		AB2CD3522C98BB840098C7E8 /* DTO */ = {
			isa = PBXGroup;
			children = (
				AB2CD3532C98BC190098C7E8 /* WeatherForecast.swift */,
				ABB0F5ED2C99DA9D008642F5 /* City.swift */,
			);
			path = DTO;
			sourceTree = "<group>";
		};
		AB2CD3572C98BD1A0098C7E8 /* UseCase */ = {
			isa = PBXGroup;
			children = (
				AB2CD3612C98C1790098C7E8 /* GetWeatherForecastUseCase.swift */,
				ABB0F5F12C99DB83008642F5 /* GetCitiesUseCase.swift */,
			);
			path = UseCase;
			sourceTree = "<group>";
		};
		AB2CD3582C98BD240098C7E8 /* Repository */ = {
			isa = PBXGroup;
			children = (
				AB2CD35D2C98C08D0098C7E8 /* WeatherRepository.swift */,
			);
			path = Repository;
			sourceTree = "<group>";
		};
		AB2CD3632C98C7DE0098C7E8 /* WeatherForecast */ = {
			isa = PBXGroup;
			children = (
				AB2CD3712C98CD3E0098C7E8 /* Enums */,
				AB2CD3642C98C7EB0098C7E8 /* Views */,
				AB2CD3662C98C8060098C7E8 /* WeatherForecastView.swift */,
				AB2CD3682C98C8140098C7E8 /* WeatherForecastViewModel.swift */,
			);
			path = WeatherForecast;
			sourceTree = "<group>";
		};
		AB2CD3642C98C7EB0098C7E8 /* Views */ = {
			isa = PBXGroup;
			children = (
				ABB0F6002C99E664008642F5 /* CitiesDropDown.swift */,
				ABB0F6022C99FB56008642F5 /* WeatherDayView.swift */,
			);
			path = Views;
			sourceTree = "<group>";
		};
		AB2CD36B2C98CB6F0098C7E8 /* DesignSystem */ = {
			isa = PBXGroup;
			children = (
				ABB0F6062C9A1074008642F5 /* Extenstions */,
				ABB0F5FB2C99E269008642F5 /* Common */,
				ABB0F5F82C99E102008642F5 /* Icons */,
				ABB0F5F42C99DF05008642F5 /* Componants */,
				AB2CD36C2C98CB7F0098C7E8 /* AlertManager */,
			);
			path = DesignSystem;
			sourceTree = "<group>";
		};
		AB2CD36C2C98CB7F0098C7E8 /* AlertManager */ = {
			isa = PBXGroup;
			children = (
				AB2CD36D2C98CB8E0098C7E8 /* AlertManager.swift */,
			);
			path = AlertManager;
			sourceTree = "<group>";
		};
		AB2CD3712C98CD3E0098C7E8 /* Enums */ = {
			isa = PBXGroup;
			children = (
				AB2CD3722C98CD4C0098C7E8 /* UnitsEnum.swift */,
			);
			path = Enums;
			sourceTree = "<group>";
		};
		ABB0F5F42C99DF05008642F5 /* Componants */ = {
			isa = PBXGroup;
			children = (
				ABB0F6092C9A1246008642F5 /* RedactedLoading.swift */,
			);
			path = Componants;
			sourceTree = "<group>";
		};
		ABB0F5F82C99E102008642F5 /* Icons */ = {
			isa = PBXGroup;
			children = (
				ABB0F5F92C99E111008642F5 /* Icons.swift */,
			);
			path = Icons;
			sourceTree = "<group>";
		};
		ABB0F5FB2C99E269008642F5 /* Common */ = {
			isa = PBXGroup;
			children = (
				ABB0F5FE2C99E285008642F5 /* ClickOnOptions.swift */,
				ABB0F6042C9A0F20008642F5 /* DateUtils.swift */,
			);
			path = Common;
			sourceTree = "<group>";
		};
		ABB0F6062C9A1074008642F5 /* Extenstions */ = {
			isa = PBXGroup;
			children = (
				ABB0F6072C9A1084008642F5 /* String + Extenstion.swift */,
			);
			path = Extenstions;
			sourceTree = "<group>";
		};
/* End PBXGroup section */

/* Begin PBXNativeTarget section */
		AB2CD3082C98B13A0098C7E8 /* Daily Forecast Baims */ = {
			isa = PBXNativeTarget;
			buildConfigurationList = AB2CD3332C98B13C0098C7E8 /* Build configuration list for PBXNativeTarget "Daily Forecast Baims" */;
			buildPhases = (
				AB2CD3052C98B13A0098C7E8 /* Sources */,
				AB2CD3062C98B13A0098C7E8 /* Frameworks */,
				AB2CD3072C98B13A0098C7E8 /* Resources */,
			);
			buildRules = (
			);
			dependencies = (
			);
			name = "Daily Forecast Baims";
			packageProductDependencies = (
				AB2CD3412C98B63D0098C7E8 /* Alamofire */,
				AB2CD3442C98B65A0098C7E8 /* Factory */,
			);
			productName = "Daily Forecast Baims";
			productReference = AB2CD3092C98B13A0098C7E8 /* Daily Forecast Baims.app */;
			productType = "com.apple.product-type.application";
		};
		AB2CD31E2C98B13C0098C7E8 /* Daily Forecast BaimsTests */ = {
			isa = PBXNativeTarget;
			buildConfigurationList = AB2CD3362C98B13C0098C7E8 /* Build configuration list for PBXNativeTarget "Daily Forecast BaimsTests" */;
			buildPhases = (
				AB2CD31B2C98B13C0098C7E8 /* Sources */,
				AB2CD31C2C98B13C0098C7E8 /* Frameworks */,
				AB2CD31D2C98B13C0098C7E8 /* Resources */,
			);
			buildRules = (
			);
			dependencies = (
				AB2CD3212C98B13C0098C7E8 /* PBXTargetDependency */,
			);
			name = "Daily Forecast BaimsTests";
			productName = "Daily Forecast BaimsTests";
			productReference = AB2CD31F2C98B13C0098C7E8 /* Daily Forecast BaimsTests.xctest */;
			productType = "com.apple.product-type.bundle.unit-test";
		};
		AB2CD3282C98B13C0098C7E8 /* Daily Forecast BaimsUITests */ = {
			isa = PBXNativeTarget;
			buildConfigurationList = AB2CD3392C98B13C0098C7E8 /* Build configuration list for PBXNativeTarget "Daily Forecast BaimsUITests" */;
			buildPhases = (
				AB2CD3252C98B13C0098C7E8 /* Sources */,
				AB2CD3262C98B13C0098C7E8 /* Frameworks */,
				AB2CD3272C98B13C0098C7E8 /* Resources */,
			);
			buildRules = (
			);
			dependencies = (
				AB2CD32B2C98B13C0098C7E8 /* PBXTargetDependency */,
			);
			name = "Daily Forecast BaimsUITests";
			productName = "Daily Forecast BaimsUITests";
			productReference = AB2CD3292C98B13C0098C7E8 /* Daily Forecast BaimsUITests.xctest */;
			productType = "com.apple.product-type.bundle.ui-testing";
		};
/* End PBXNativeTarget section */

/* Begin PBXProject section */
		AB2CD3012C98B13A0098C7E8 /* Project object */ = {
			isa = PBXProject;
			attributes = {
				BuildIndependentTargetsInParallel = 1;
				LastSwiftUpdateCheck = 1540;
				LastUpgradeCheck = 1540;
				TargetAttributes = {
					AB2CD3082C98B13A0098C7E8 = {
						CreatedOnToolsVersion = 15.4;
					};
					AB2CD31E2C98B13C0098C7E8 = {
						CreatedOnToolsVersion = 15.4;
						TestTargetID = AB2CD3082C98B13A0098C7E8;
					};
					AB2CD3282C98B13C0098C7E8 = {
						CreatedOnToolsVersion = 15.4;
						TestTargetID = AB2CD3082C98B13A0098C7E8;
					};
				};
			};
			buildConfigurationList = AB2CD3042C98B13A0098C7E8 /* Build configuration list for PBXProject "Daily Forecast Baims" */;
			compatibilityVersion = "Xcode 14.0";
			developmentRegion = en;
			hasScannedForEncodings = 0;
			knownRegions = (
				en,
				Base,
			);
			mainGroup = AB2CD3002C98B13A0098C7E8;
			packageReferences = (
				AB2CD3402C98B63D0098C7E8 /* XCRemoteSwiftPackageReference "Alamofire" */,
				AB2CD3432C98B65A0098C7E8 /* XCRemoteSwiftPackageReference "Factory" */,
			);
			productRefGroup = AB2CD30A2C98B13A0098C7E8 /* Products */;
			projectDirPath = "";
			projectRoot = "";
			targets = (
				AB2CD3082C98B13A0098C7E8 /* Daily Forecast Baims */,
				AB2CD31E2C98B13C0098C7E8 /* Daily Forecast BaimsTests */,
				AB2CD3282C98B13C0098C7E8 /* Daily Forecast BaimsUITests */,
			);
		};
/* End PBXProject section */

/* Begin PBXResourcesBuildPhase section */
		AB2CD3072C98B13A0098C7E8 /* Resources */ = {
			isa = PBXResourcesBuildPhase;
			buildActionMask = 2147483647;
			files = (
				AB2CD33D2C98B16C0098C7E8 /* ApiKeys in Resources */,
				AB2CD31A2C98B13C0098C7E8 /* Preview Assets.xcassets in Resources */,
				AB2CD3162C98B13C0098C7E8 /* Assets.xcassets in Resources */,
				ABB0F5EC2C99DA4C008642F5 /* Cities.json in Resources */,
			);
			runOnlyForDeploymentPostprocessing = 0;
		};
		AB2CD31D2C98B13C0098C7E8 /* Resources */ = {
			isa = PBXResourcesBuildPhase;
			buildActionMask = 2147483647;
			files = (
			);
			runOnlyForDeploymentPostprocessing = 0;
		};
		AB2CD3272C98B13C0098C7E8 /* Resources */ = {
			isa = PBXResourcesBuildPhase;
			buildActionMask = 2147483647;
			files = (
			);
			runOnlyForDeploymentPostprocessing = 0;
		};
/* End PBXResourcesBuildPhase section */

/* Begin PBXSourcesBuildPhase section */
		AB2CD3052C98B13A0098C7E8 /* Sources */ = {
			isa = PBXSourcesBuildPhase;
			buildActionMask = 2147483647;
			files = (
				AB2CD36E2C98CB8E0098C7E8 /* AlertManager.swift in Sources */,
				AB2CD30D2C98B13A0098C7E8 /* Daily_Forecast_BaimsApp.swift in Sources */,
				ABB0F5EE2C99DA9D008642F5 /* City.swift in Sources */,
				AB2CD35C2C98BF430098C7E8 /* WeatherRouter.swift in Sources */,
				AB2CD30F2C98B13A0098C7E8 /* Persistence.swift in Sources */,
				ABB0F6052C9A0F20008642F5 /* DateUtils.swift in Sources */,
				AB2CD3142C98B13A0098C7E8 /* ContentView.swift in Sources */,
				AB2CD33F2C98B1E50098C7E8 /* AppDelegate.swift in Sources */,
				ABB0F5F02C99DB00008642F5 /* LocalProvider.swift in Sources */,
				ABB0F6032C99FB56008642F5 /* WeatherDayView.swift in Sources */,
				AB2CD3492C98B6A00098C7E8 /* Router.swift in Sources */,
				ABB0F5FF2C99E285008642F5 /* ClickOnOptions.swift in Sources */,
				AB2CD3692C98C8140098C7E8 /* WeatherForecastViewModel.swift in Sources */,
				ABB0F6012C99E664008642F5 /* CitiesDropDown.swift in Sources */,
				AB2CD3672C98C8060098C7E8 /* WeatherForecastView.swift in Sources */,
				ABB0F6082C9A1084008642F5 /* String + Extenstion.swift in Sources */,
				ABB0F5F22C99DB83008642F5 /* GetCitiesUseCase.swift in Sources */,
				AB2CD3122C98B13A0098C7E8 /* Daily_Forecast_Baims.xcdatamodeld in Sources */,
				AB2CD35A2C98BD340098C7E8 /* DIContainer.swift in Sources */,
				AB2CD3602C98C0E30098C7E8 /* WeatherRepositoryImpl.swift in Sources */,
				AB2CD34B2C98B7040098C7E8 /* APIError.swift in Sources */,
				ABB0F5FA2C99E111008642F5 /* Icons.swift in Sources */,
				AB2CD3732C98CD4C0098C7E8 /* UnitsEnum.swift in Sources */,
				AB2CD35E2C98C08D0098C7E8 /* WeatherRepository.swift in Sources */,
				AB2CD3622C98C1790098C7E8 /* GetWeatherForecastUseCase.swift in Sources */,
				ABB0F60A2C9A1247008642F5 /* RedactedLoading.swift in Sources */,
				AB2CD3542C98BC190098C7E8 /* WeatherForecast.swift in Sources */,
			);
			runOnlyForDeploymentPostprocessing = 0;
		};
		AB2CD31B2C98B13C0098C7E8 /* Sources */ = {
			isa = PBXSourcesBuildPhase;
			buildActionMask = 2147483647;
			files = (
				AB2CD3242C98B13C0098C7E8 /* Daily_Forecast_BaimsTests.swift in Sources */,
			);
			runOnlyForDeploymentPostprocessing = 0;
		};
		AB2CD3252C98B13C0098C7E8 /* Sources */ = {
			isa = PBXSourcesBuildPhase;
			buildActionMask = 2147483647;
			files = (
				AB2CD3302C98B13C0098C7E8 /* Daily_Forecast_BaimsUITestsLaunchTests.swift in Sources */,
				AB2CD32E2C98B13C0098C7E8 /* Daily_Forecast_BaimsUITests.swift in Sources */,
			);
			runOnlyForDeploymentPostprocessing = 0;
		};
/* End PBXSourcesBuildPhase section */

/* Begin PBXTargetDependency section */
		AB2CD3212C98B13C0098C7E8 /* PBXTargetDependency */ = {
			isa = PBXTargetDependency;
			target = AB2CD3082C98B13A0098C7E8 /* Daily Forecast Baims */;
			targetProxy = AB2CD3202C98B13C0098C7E8 /* PBXContainerItemProxy */;
		};
		AB2CD32B2C98B13C0098C7E8 /* PBXTargetDependency */ = {
			isa = PBXTargetDependency;
			target = AB2CD3082C98B13A0098C7E8 /* Daily Forecast Baims */;
			targetProxy = AB2CD32A2C98B13C0098C7E8 /* PBXContainerItemProxy */;
		};
/* End PBXTargetDependency section */

/* Begin XCBuildConfiguration section */
		AB2CD3312C98B13C0098C7E8 /* Debug */ = {
			isa = XCBuildConfiguration;
			buildSettings = {
				ALWAYS_SEARCH_USER_PATHS = NO;
				ASSETCATALOG_COMPILER_GENERATE_SWIFT_ASSET_SYMBOL_EXTENSIONS = YES;
				CLANG_ANALYZER_NONNULL = YES;
				CLANG_ANALYZER_NUMBER_OBJECT_CONVERSION = YES_AGGRESSIVE;
				CLANG_CXX_LANGUAGE_STANDARD = "gnu++20";
				CLANG_ENABLE_MODULES = YES;
				CLANG_ENABLE_OBJC_ARC = YES;
				CLANG_ENABLE_OBJC_WEAK = YES;
				CLANG_WARN_BLOCK_CAPTURE_AUTORELEASING = YES;
				CLANG_WARN_BOOL_CONVERSION = YES;
				CLANG_WARN_COMMA = YES;
				CLANG_WARN_CONSTANT_CONVERSION = YES;
				CLANG_WARN_DEPRECATED_OBJC_IMPLEMENTATIONS = YES;
				CLANG_WARN_DIRECT_OBJC_ISA_USAGE = YES_ERROR;
				CLANG_WARN_DOCUMENTATION_COMMENTS = YES;
				CLANG_WARN_EMPTY_BODY = YES;
				CLANG_WARN_ENUM_CONVERSION = YES;
				CLANG_WARN_INFINITE_RECURSION = YES;
				CLANG_WARN_INT_CONVERSION = YES;
				CLANG_WARN_NON_LITERAL_NULL_CONVERSION = YES;
				CLANG_WARN_OBJC_IMPLICIT_RETAIN_SELF = YES;
				CLANG_WARN_OBJC_LITERAL_CONVERSION = YES;
				CLANG_WARN_OBJC_ROOT_CLASS = YES_ERROR;
				CLANG_WARN_QUOTED_INCLUDE_IN_FRAMEWORK_HEADER = YES;
				CLANG_WARN_RANGE_LOOP_ANALYSIS = YES;
				CLANG_WARN_STRICT_PROTOTYPES = YES;
				CLANG_WARN_SUSPICIOUS_MOVE = YES;
				CLANG_WARN_UNGUARDED_AVAILABILITY = YES_AGGRESSIVE;
				CLANG_WARN_UNREACHABLE_CODE = YES;
				CLANG_WARN__DUPLICATE_METHOD_MATCH = YES;
				COPY_PHASE_STRIP = NO;
				DEBUG_INFORMATION_FORMAT = dwarf;
				ENABLE_STRICT_OBJC_MSGSEND = YES;
				ENABLE_TESTABILITY = YES;
				ENABLE_USER_SCRIPT_SANDBOXING = YES;
				GCC_C_LANGUAGE_STANDARD = gnu17;
				GCC_DYNAMIC_NO_PIC = NO;
				GCC_NO_COMMON_BLOCKS = YES;
				GCC_OPTIMIZATION_LEVEL = 0;
				GCC_PREPROCESSOR_DEFINITIONS = (
					"DEBUG=1",
					"$(inherited)",
				);
				GCC_WARN_64_TO_32_BIT_CONVERSION = YES;
				GCC_WARN_ABOUT_RETURN_TYPE = YES_ERROR;
				GCC_WARN_UNDECLARED_SELECTOR = YES;
				GCC_WARN_UNINITIALIZED_AUTOS = YES_AGGRESSIVE;
				GCC_WARN_UNUSED_FUNCTION = YES;
				GCC_WARN_UNUSED_VARIABLE = YES;
				LOCALIZATION_PREFERS_STRING_CATALOGS = YES;
				MTL_ENABLE_DEBUG_INFO = INCLUDE_SOURCE;
				MTL_FAST_MATH = YES;
				ONLY_ACTIVE_ARCH = YES;
				SWIFT_ACTIVE_COMPILATION_CONDITIONS = "DEBUG $(inherited)";
				SWIFT_OPTIMIZATION_LEVEL = "-Onone";
			};
			name = Debug;
		};
		AB2CD3322C98B13C0098C7E8 /* Release */ = {
			isa = XCBuildConfiguration;
			buildSettings = {
				ALWAYS_SEARCH_USER_PATHS = NO;
				ASSETCATALOG_COMPILER_GENERATE_SWIFT_ASSET_SYMBOL_EXTENSIONS = YES;
				CLANG_ANALYZER_NONNULL = YES;
				CLANG_ANALYZER_NUMBER_OBJECT_CONVERSION = YES_AGGRESSIVE;
				CLANG_CXX_LANGUAGE_STANDARD = "gnu++20";
				CLANG_ENABLE_MODULES = YES;
				CLANG_ENABLE_OBJC_ARC = YES;
				CLANG_ENABLE_OBJC_WEAK = YES;
				CLANG_WARN_BLOCK_CAPTURE_AUTORELEASING = YES;
				CLANG_WARN_BOOL_CONVERSION = YES;
				CLANG_WARN_COMMA = YES;
				CLANG_WARN_CONSTANT_CONVERSION = YES;
				CLANG_WARN_DEPRECATED_OBJC_IMPLEMENTATIONS = YES;
				CLANG_WARN_DIRECT_OBJC_ISA_USAGE = YES_ERROR;
				CLANG_WARN_DOCUMENTATION_COMMENTS = YES;
				CLANG_WARN_EMPTY_BODY = YES;
				CLANG_WARN_ENUM_CONVERSION = YES;
				CLANG_WARN_INFINITE_RECURSION = YES;
				CLANG_WARN_INT_CONVERSION = YES;
				CLANG_WARN_NON_LITERAL_NULL_CONVERSION = YES;
				CLANG_WARN_OBJC_IMPLICIT_RETAIN_SELF = YES;
				CLANG_WARN_OBJC_LITERAL_CONVERSION = YES;
				CLANG_WARN_OBJC_ROOT_CLASS = YES_ERROR;
				CLANG_WARN_QUOTED_INCLUDE_IN_FRAMEWORK_HEADER = YES;
				CLANG_WARN_RANGE_LOOP_ANALYSIS = YES;
				CLANG_WARN_STRICT_PROTOTYPES = YES;
				CLANG_WARN_SUSPICIOUS_MOVE = YES;
				CLANG_WARN_UNGUARDED_AVAILABILITY = YES_AGGRESSIVE;
				CLANG_WARN_UNREACHABLE_CODE = YES;
				CLANG_WARN__DUPLICATE_METHOD_MATCH = YES;
				COPY_PHASE_STRIP = NO;
				DEBUG_INFORMATION_FORMAT = "dwarf-with-dsym";
				ENABLE_NS_ASSERTIONS = NO;
				ENABLE_STRICT_OBJC_MSGSEND = YES;
				ENABLE_USER_SCRIPT_SANDBOXING = YES;
				GCC_C_LANGUAGE_STANDARD = gnu17;
				GCC_NO_COMMON_BLOCKS = YES;
				GCC_WARN_64_TO_32_BIT_CONVERSION = YES;
				GCC_WARN_ABOUT_RETURN_TYPE = YES_ERROR;
				GCC_WARN_UNDECLARED_SELECTOR = YES;
				GCC_WARN_UNINITIALIZED_AUTOS = YES_AGGRESSIVE;
				GCC_WARN_UNUSED_FUNCTION = YES;
				GCC_WARN_UNUSED_VARIABLE = YES;
				LOCALIZATION_PREFERS_STRING_CATALOGS = YES;
				MTL_ENABLE_DEBUG_INFO = NO;
				MTL_FAST_MATH = YES;
				SWIFT_COMPILATION_MODE = wholemodule;
			};
			name = Release;
		};
		AB2CD3342C98B13C0098C7E8 /* Debug */ = {
			isa = XCBuildConfiguration;
			buildSettings = {
				ASSETCATALOG_COMPILER_APPICON_NAME = AppIcon;
				ASSETCATALOG_COMPILER_GLOBAL_ACCENT_COLOR_NAME = AccentColor;
				CODE_SIGN_ENTITLEMENTS = "Daily Forecast Baims/Daily_Forecast_Baims.entitlements";
				CODE_SIGN_STYLE = Automatic;
				CURRENT_PROJECT_VERSION = 1;
				DEVELOPMENT_ASSET_PATHS = "\"Daily Forecast Baims/Preview Content\"";
				DEVELOPMENT_TEAM = 5FY7X4DLUG;
				ENABLE_HARDENED_RUNTIME = YES;
				ENABLE_PREVIEWS = YES;
				GENERATE_INFOPLIST_FILE = YES;
				"INFOPLIST_KEY_UIApplicationSceneManifest_Generation[sdk=iphoneos*]" = YES;
				"INFOPLIST_KEY_UIApplicationSceneManifest_Generation[sdk=iphonesimulator*]" = YES;
				"INFOPLIST_KEY_UIApplicationSupportsIndirectInputEvents[sdk=iphoneos*]" = YES;
				"INFOPLIST_KEY_UIApplicationSupportsIndirectInputEvents[sdk=iphonesimulator*]" = YES;
				"INFOPLIST_KEY_UILaunchScreen_Generation[sdk=iphoneos*]" = YES;
				"INFOPLIST_KEY_UILaunchScreen_Generation[sdk=iphonesimulator*]" = YES;
				"INFOPLIST_KEY_UIStatusBarStyle[sdk=iphoneos*]" = UIStatusBarStyleDefault;
				"INFOPLIST_KEY_UIStatusBarStyle[sdk=iphonesimulator*]" = UIStatusBarStyleDefault;
				INFOPLIST_KEY_UISupportedInterfaceOrientations_iPad = "UIInterfaceOrientationPortrait UIInterfaceOrientationPortraitUpsideDown UIInterfaceOrientationLandscapeLeft UIInterfaceOrientationLandscapeRight";
				INFOPLIST_KEY_UISupportedInterfaceOrientations_iPhone = "UIInterfaceOrientationPortrait UIInterfaceOrientationLandscapeLeft UIInterfaceOrientationLandscapeRight";
				IPHONEOS_DEPLOYMENT_TARGET = 17.5;
				LD_RUNPATH_SEARCH_PATHS = "@executable_path/Frameworks";
				"LD_RUNPATH_SEARCH_PATHS[sdk=macosx*]" = "@executable_path/../Frameworks";
				MACOSX_DEPLOYMENT_TARGET = 14.5;
				MARKETING_VERSION = 1.0;
				PRODUCT_BUNDLE_IDENTIFIER = "com.salah.12488.Daily-Forecast-Baims";
				PRODUCT_NAME = "$(TARGET_NAME)";
				SDKROOT = auto;
				SUPPORTED_PLATFORMS = "iphoneos iphonesimulator macosx";
				SWIFT_EMIT_LOC_STRINGS = YES;
				SWIFT_VERSION = 5.0;
				TARGETED_DEVICE_FAMILY = "1,2";
			};
			name = Debug;
		};
		AB2CD3352C98B13C0098C7E8 /* Release */ = {
			isa = XCBuildConfiguration;
			buildSettings = {
				ASSETCATALOG_COMPILER_APPICON_NAME = AppIcon;
				ASSETCATALOG_COMPILER_GLOBAL_ACCENT_COLOR_NAME = AccentColor;
				CODE_SIGN_ENTITLEMENTS = "Daily Forecast Baims/Daily_Forecast_Baims.entitlements";
				CODE_SIGN_STYLE = Automatic;
				CURRENT_PROJECT_VERSION = 1;
				DEVELOPMENT_ASSET_PATHS = "\"Daily Forecast Baims/Preview Content\"";
				DEVELOPMENT_TEAM = 5FY7X4DLUG;
				ENABLE_HARDENED_RUNTIME = YES;
				ENABLE_PREVIEWS = YES;
				GENERATE_INFOPLIST_FILE = YES;
				"INFOPLIST_KEY_UIApplicationSceneManifest_Generation[sdk=iphoneos*]" = YES;
				"INFOPLIST_KEY_UIApplicationSceneManifest_Generation[sdk=iphonesimulator*]" = YES;
				"INFOPLIST_KEY_UIApplicationSupportsIndirectInputEvents[sdk=iphoneos*]" = YES;
				"INFOPLIST_KEY_UIApplicationSupportsIndirectInputEvents[sdk=iphonesimulator*]" = YES;
				"INFOPLIST_KEY_UILaunchScreen_Generation[sdk=iphoneos*]" = YES;
				"INFOPLIST_KEY_UILaunchScreen_Generation[sdk=iphonesimulator*]" = YES;
				"INFOPLIST_KEY_UIStatusBarStyle[sdk=iphoneos*]" = UIStatusBarStyleDefault;
				"INFOPLIST_KEY_UIStatusBarStyle[sdk=iphonesimulator*]" = UIStatusBarStyleDefault;
				INFOPLIST_KEY_UISupportedInterfaceOrientations_iPad = "UIInterfaceOrientationPortrait UIInterfaceOrientationPortraitUpsideDown UIInterfaceOrientationLandscapeLeft UIInterfaceOrientationLandscapeRight";
				INFOPLIST_KEY_UISupportedInterfaceOrientations_iPhone = "UIInterfaceOrientationPortrait UIInterfaceOrientationLandscapeLeft UIInterfaceOrientationLandscapeRight";
				IPHONEOS_DEPLOYMENT_TARGET = 17.5;
				LD_RUNPATH_SEARCH_PATHS = "@executable_path/Frameworks";
				"LD_RUNPATH_SEARCH_PATHS[sdk=macosx*]" = "@executable_path/../Frameworks";
				MACOSX_DEPLOYMENT_TARGET = 14.5;
				MARKETING_VERSION = 1.0;
				PRODUCT_BUNDLE_IDENTIFIER = "com.salah.12488.Daily-Forecast-Baims";
				PRODUCT_NAME = "$(TARGET_NAME)";
				SDKROOT = auto;
				SUPPORTED_PLATFORMS = "iphoneos iphonesimulator macosx";
				SWIFT_EMIT_LOC_STRINGS = YES;
				SWIFT_VERSION = 5.0;
				TARGETED_DEVICE_FAMILY = "1,2";
			};
			name = Release;
		};
		AB2CD3372C98B13C0098C7E8 /* Debug */ = {
			isa = XCBuildConfiguration;
			buildSettings = {
				ALWAYS_EMBED_SWIFT_STANDARD_LIBRARIES = YES;
				BUNDLE_LOADER = "$(TEST_HOST)";
				CODE_SIGN_STYLE = Automatic;
				CURRENT_PROJECT_VERSION = 1;
				DEVELOPMENT_TEAM = 5FY7X4DLUG;
				GENERATE_INFOPLIST_FILE = YES;
				IPHONEOS_DEPLOYMENT_TARGET = 17.5;
				MACOSX_DEPLOYMENT_TARGET = 14.5;
				MARKETING_VERSION = 1.0;
				PRODUCT_BUNDLE_IDENTIFIER = "com.salah.12488.Daily-Forecast-BaimsTests";
				PRODUCT_NAME = "$(TARGET_NAME)";
				SDKROOT = auto;
				SUPPORTED_PLATFORMS = "iphoneos iphonesimulator macosx";
				SWIFT_EMIT_LOC_STRINGS = NO;
				SWIFT_VERSION = 5.0;
				TARGETED_DEVICE_FAMILY = "1,2";
				TEST_HOST = "$(BUILT_PRODUCTS_DIR)/Daily Forecast Baims.app/$(BUNDLE_EXECUTABLE_FOLDER_PATH)/Daily Forecast Baims";
			};
			name = Debug;
		};
		AB2CD3382C98B13C0098C7E8 /* Release */ = {
			isa = XCBuildConfiguration;
			buildSettings = {
				ALWAYS_EMBED_SWIFT_STANDARD_LIBRARIES = YES;
				BUNDLE_LOADER = "$(TEST_HOST)";
				CODE_SIGN_STYLE = Automatic;
				CURRENT_PROJECT_VERSION = 1;
				DEVELOPMENT_TEAM = 5FY7X4DLUG;
				GENERATE_INFOPLIST_FILE = YES;
				IPHONEOS_DEPLOYMENT_TARGET = 17.5;
				MACOSX_DEPLOYMENT_TARGET = 14.5;
				MARKETING_VERSION = 1.0;
				PRODUCT_BUNDLE_IDENTIFIER = "com.salah.12488.Daily-Forecast-BaimsTests";
				PRODUCT_NAME = "$(TARGET_NAME)";
				SDKROOT = auto;
				SUPPORTED_PLATFORMS = "iphoneos iphonesimulator macosx";
				SWIFT_EMIT_LOC_STRINGS = NO;
				SWIFT_VERSION = 5.0;
				TARGETED_DEVICE_FAMILY = "1,2";
				TEST_HOST = "$(BUILT_PRODUCTS_DIR)/Daily Forecast Baims.app/$(BUNDLE_EXECUTABLE_FOLDER_PATH)/Daily Forecast Baims";
			};
			name = Release;
		};
		AB2CD33A2C98B13C0098C7E8 /* Debug */ = {
			isa = XCBuildConfiguration;
			buildSettings = {
				ALWAYS_EMBED_SWIFT_STANDARD_LIBRARIES = YES;
				CODE_SIGN_STYLE = Automatic;
				CURRENT_PROJECT_VERSION = 1;
				DEVELOPMENT_TEAM = 5FY7X4DLUG;
				GENERATE_INFOPLIST_FILE = YES;
				IPHONEOS_DEPLOYMENT_TARGET = 17.5;
				MACOSX_DEPLOYMENT_TARGET = 14.5;
				MARKETING_VERSION = 1.0;
				PRODUCT_BUNDLE_IDENTIFIER = "com.salah.12488.Daily-Forecast-BaimsUITests";
				PRODUCT_NAME = "$(TARGET_NAME)";
				SDKROOT = auto;
				SUPPORTED_PLATFORMS = "iphoneos iphonesimulator macosx";
				SWIFT_EMIT_LOC_STRINGS = NO;
				SWIFT_VERSION = 5.0;
				TARGETED_DEVICE_FAMILY = "1,2";
				TEST_TARGET_NAME = "Daily Forecast Baims";
			};
			name = Debug;
		};
		AB2CD33B2C98B13C0098C7E8 /* Release */ = {
			isa = XCBuildConfiguration;
			buildSettings = {
				ALWAYS_EMBED_SWIFT_STANDARD_LIBRARIES = YES;
				CODE_SIGN_STYLE = Automatic;
				CURRENT_PROJECT_VERSION = 1;
				DEVELOPMENT_TEAM = 5FY7X4DLUG;
				GENERATE_INFOPLIST_FILE = YES;
				IPHONEOS_DEPLOYMENT_TARGET = 17.5;
				MACOSX_DEPLOYMENT_TARGET = 14.5;
				MARKETING_VERSION = 1.0;
				PRODUCT_BUNDLE_IDENTIFIER = "com.salah.12488.Daily-Forecast-BaimsUITests";
				PRODUCT_NAME = "$(TARGET_NAME)";
				SDKROOT = auto;
				SUPPORTED_PLATFORMS = "iphoneos iphonesimulator macosx";
				SWIFT_EMIT_LOC_STRINGS = NO;
				SWIFT_VERSION = 5.0;
				TARGETED_DEVICE_FAMILY = "1,2";
				TEST_TARGET_NAME = "Daily Forecast Baims";
			};
			name = Release;
		};
/* End XCBuildConfiguration section */

/* Begin XCConfigurationList section */
		AB2CD3042C98B13A0098C7E8 /* Build configuration list for PBXProject "Daily Forecast Baims" */ = {
			isa = XCConfigurationList;
			buildConfigurations = (
				AB2CD3312C98B13C0098C7E8 /* Debug */,
				AB2CD3322C98B13C0098C7E8 /* Release */,
			);
			defaultConfigurationIsVisible = 0;
			defaultConfigurationName = Release;
		};
		AB2CD3332C98B13C0098C7E8 /* Build configuration list for PBXNativeTarget "Daily Forecast Baims" */ = {
			isa = XCConfigurationList;
			buildConfigurations = (
				AB2CD3342C98B13C0098C7E8 /* Debug */,
				AB2CD3352C98B13C0098C7E8 /* Release */,
			);
			defaultConfigurationIsVisible = 0;
			defaultConfigurationName = Release;
		};
		AB2CD3362C98B13C0098C7E8 /* Build configuration list for PBXNativeTarget "Daily Forecast BaimsTests" */ = {
			isa = XCConfigurationList;
			buildConfigurations = (
				AB2CD3372C98B13C0098C7E8 /* Debug */,
				AB2CD3382C98B13C0098C7E8 /* Release */,
			);
			defaultConfigurationIsVisible = 0;
			defaultConfigurationName = Release;
		};
		AB2CD3392C98B13C0098C7E8 /* Build configuration list for PBXNativeTarget "Daily Forecast BaimsUITests" */ = {
			isa = XCConfigurationList;
			buildConfigurations = (
				AB2CD33A2C98B13C0098C7E8 /* Debug */,
				AB2CD33B2C98B13C0098C7E8 /* Release */,
			);
			defaultConfigurationIsVisible = 0;
			defaultConfigurationName = Release;
		};
/* End XCConfigurationList section */

/* Begin XCRemoteSwiftPackageReference section */
		AB2CD3402C98B63D0098C7E8 /* XCRemoteSwiftPackageReference "Alamofire" */ = {
			isa = XCRemoteSwiftPackageReference;
			repositoryURL = "https://github.com/Alamofire/Alamofire";
			requirement = {
				kind = upToNextMajorVersion;
				minimumVersion = 5.9.1;
			};
		};
		AB2CD3432C98B65A0098C7E8 /* XCRemoteSwiftPackageReference "Factory" */ = {
			isa = XCRemoteSwiftPackageReference;
			repositoryURL = "https://github.com/hmlongco/Factory";
			requirement = {
				kind = upToNextMajorVersion;
				minimumVersion = 2.3.2;
			};
		};
/* End XCRemoteSwiftPackageReference section */

/* Begin XCSwiftPackageProductDependency section */
		AB2CD3412C98B63D0098C7E8 /* Alamofire */ = {
			isa = XCSwiftPackageProductDependency;
			package = AB2CD3402C98B63D0098C7E8 /* XCRemoteSwiftPackageReference "Alamofire" */;
			productName = Alamofire;
		};
		AB2CD3442C98B65A0098C7E8 /* Factory */ = {
			isa = XCSwiftPackageProductDependency;
			package = AB2CD3432C98B65A0098C7E8 /* XCRemoteSwiftPackageReference "Factory" */;
			productName = Factory;
		};
/* End XCSwiftPackageProductDependency section */

/* Begin XCVersionGroup section */
		AB2CD3102C98B13A0098C7E8 /* Daily_Forecast_Baims.xcdatamodeld */ = {
			isa = XCVersionGroup;
			children = (
				AB2CD3112C98B13A0098C7E8 /* Daily_Forecast_Baims.xcdatamodel */,
			);
			currentVersion = AB2CD3112C98B13A0098C7E8 /* Daily_Forecast_Baims.xcdatamodel */;
			path = Daily_Forecast_Baims.xcdatamodeld;
			sourceTree = "<group>";
			versionGroupType = wrapper.xcdatamodel;
		};
/* End XCVersionGroup section */
	};
	rootObject = AB2CD3012C98B13A0098C7E8 /* Project object */;
}
